
Microsoft Visual Studio Solution File, Format Version 12.00
# Visual Studio Version 16
VisualStudioVersion = 16.0.31624.102
MinimumVisualStudioVersion = 10.0.40219.1
Project("{9A19103F-16F7-4668-BE54-9A1E7A4F7556}") = "AvansFysio", "AvansFysio\AvansFysio.csproj", "{D59C82C7-ABD7-4AE7-B77C-D5176BE163D2}"
EndProject
Project("{9A19103F-16F7-4668-BE54-9A1E7A4F7556}") = "Infrastructure", "Infrastructure\Infrastructure.csproj", "{0D59050E-2DB0-4B19-92A8-CB5AB5A23584}"
EndProject
Project("{9A19103F-16F7-4668-BE54-9A1E7A4F7556}") = "AvansFysio.tests", "AvansFysio.tests\AvansFysio.tests.csproj", "{0F40D3F7-2C08-4CC0-A813-B99C3FF51E97}"
EndProject
Project("{9A19103F-16F7-4668-BE54-9A1E7A4F7556}") = "Core.DomainServices", "Core.DomainServices\Core.DomainServices.csproj", "{5DB707ED-1B1E-4CC2-B433-62ACC2AB5AE9}"
EndProject
Project("{9A19103F-16F7-4668-BE54-9A1E7A4F7556}") = "Core.Domain", "Core.Domain\Core.Domain.csproj", "{02076A32-A230-4EE3-95C0-96A643CC7D89}"
EndProject
Project("{2150E333-8FDC-42A3-9474-1A3956D46DE8}") = "Tests", "Tests", "{2B5DC8AC-ED00-4C18-85E4-1FAA4F2B0CA2}"
EndProject
Project("{9A19103F-16F7-4668-BE54-9A1E7A4F7556}") = "AvansFysioWebservice", "AvansFysioWebservice\AvansFysioWebservice.csproj", "{B5D10A1A-D7FF-4BA2-8776-B5A83D441D2F}"
EndProject
Project("{FAE04EC0-301F-11D3-BF4B-00C04F79EFBC}") = "Infrastructure.Webservice", "Infrastructure.Webservice\Infrastructure.Webservice.csproj", "{E47D2A8F-231A-4B2F-8214-D017275F4B28}"
EndProject
Global
	GlobalSection(SolutionConfigurationPlatforms) = preSolution
		Debug|Any CPU = Debug|Any CPU
		Release|Any CPU = Release|Any CPU
	EndGlobalSection
	GlobalSection(ProjectConfigurationPlatforms) = postSolution
		{D59C82C7-ABD7-4AE7-B77C-D5176BE163D2}.Debug|Any CPU.ActiveCfg = Debug|Any CPU
		{D59C82C7-ABD7-4AE7-B77C-D5176BE163D2}.Debug|Any CPU.Build.0 = Debug|Any CPU
		{D59C82C7-ABD7-4AE7-B77C-D5176BE163D2}.Release|Any CPU.ActiveCfg = Release|Any CPU
		{D59C82C7-ABD7-4AE7-B77C-D5176BE163D2}.Release|Any CPU.Build.0 = Release|Any CPU
		{0D59050E-2DB0-4B19-92A8-CB5AB5A23584}.Debug|Any CPU.ActiveCfg = Debug|Any CPU
		{0D59050E-2DB0-4B19-92A8-CB5AB5A23584}.Debug|Any CPU.Build.0 = Debug|Any CPU
		{0D59050E-2DB0-4B19-92A8-CB5AB5A23584}.Release|Any CPU.ActiveCfg = Release|Any CPU
		{0D59050E-2DB0-4B19-92A8-CB5AB5A23584}.Release|Any CPU.Build.0 = Release|Any CPU
		{0F40D3F7-2C08-4CC0-A813-B99C3FF51E97}.Debug|Any CPU.ActiveCfg = Debug|Any CPU
		{0F40D3F7-2C08-4CC0-A813-B99C3FF51E97}.Debug|Any CPU.Build.0 = Debug|Any CPU
		{0F40D3F7-2C08-4CC0-A813-B99C3FF51E97}.Release|Any CPU.ActiveCfg = Release|Any CPU
		{0F40D3F7-2C08-4CC0-A813-B99C3FF51E97}.Release|Any CPU.Build.0 = Release|Any CPU
		{5DB707ED-1B1E-4CC2-B433-62ACC2AB5AE9}.Debug|Any CPU.ActiveCfg = Debug|Any CPU
		{5DB707ED-1B1E-4CC2-B433-62ACC2AB5AE9}.Debug|Any CPU.Build.0 = Debug|Any CPU
		{5DB707ED-1B1E-4CC2-B433-62ACC2AB5AE9}.Release|Any CPU.ActiveCfg = Release|Any CPU
		{5DB707ED-1B1E-4CC2-B433-62ACC2AB5AE9}.Release|Any CPU.Build.0 = Release|Any CPU
		{02076A32-A230-4EE3-95C0-96A643CC7D89}.Debug|Any CPU.ActiveCfg = Debug|Any CPU
		{02076A32-A230-4EE3-95C0-96A643CC7D89}.Debug|Any CPU.Build.0 = Debug|Any CPU
		{02076A32-A230-4EE3-95C0-96A643CC7D89}.Release|Any CPU.ActiveCfg = Release|Any CPU
		{02076A32-A230-4EE3-95C0-96A643CC7D89}.Release|Any CPU.Build.0 = Release|Any CPU
		{B5D10A1A-D7FF-4BA2-8776-B5A83D441D2F}.Debug|Any CPU.ActiveCfg = Debug|Any CPU
		{B5D10A1A-D7FF-4BA2-8776-B5A83D441D2F}.Debug|Any CPU.Build.0 = Debug|Any CPU
		{B5D10A1A-D7FF-4BA2-8776-B5A83D441D2F}.Release|Any CPU.ActiveCfg = Release|Any CPU
		{B5D10A1A-D7FF-4BA2-8776-B5A83D441D2F}.Release|Any CPU.Build.0 = Release|Any CPU
		{E47D2A8F-231A-4B2F-8214-D017275F4B28}.Debug|Any CPU.ActiveCfg = Debug|Any CPU
		{E47D2A8F-231A-4B2F-8214-D017275F4B28}.Debug|Any CPU.Build.0 = Debug|Any CPU
		{E47D2A8F-231A-4B2F-8214-D017275F4B28}.Release|Any CPU.ActiveCfg = Release|Any CPU
		{E47D2A8F-231A-4B2F-8214-D017275F4B28}.Release|Any CPU.Build.0 = Release|Any CPU
	EndGlobalSection
	GlobalSection(SolutionProperties) = preSolution
		HideSolutionNode = FALSE
	EndGlobalSection
	GlobalSection(NestedProjects) = preSolution
		{0F40D3F7-2C08-4CC0-A813-B99C3FF51E97} = {2B5DC8AC-ED00-4C18-85E4-1FAA4F2B0CA2}
	EndGlobalSection
	GlobalSection(ExtensibilityGlobals) = postSolution
		SolutionGuid = {AFBB46B2-6E0B-4530-9069-8F6A2BA42A7C}
	EndGlobalSection
EndGlobal
